
Microsoft Visual Studio Solution File, Format Version 12.00
# Visual Studio Version 17
VisualStudioVersion = 17.0.32126.317
MinimumVisualStudioVersion = 10.0.40219.1
Project("{9A19103F-16F7-4668-BE54-9A1E7A4F7556}") = "FestoManufacturingLine_ModBus.WPF", "FestoManufacturingLine_ModBus.WPF\FestoManufacturingLine_ModBus.WPF.csproj", "{EDD405E5-D0B7-4D9E-9B4D-C6CCFD2801F8}"
EndProject
Project("{FAE04EC0-301F-11D3-BF4B-00C04F79EFBC}") = "FestoManufacturingLine_ModBus.Domain", "FestoManufacturingLine_ModBus.Domain\FestoManufacturingLine_ModBus.Domain.csproj", "{EAD2C640-6D03-4EB6-BC5A-2314D0816316}"
EndProject
Global
	GlobalSection(SolutionConfigurationPlatforms) = preSolution
		Debug|Any CPU = Debug|Any CPU
		Release|Any CPU = Release|Any CPU
	EndGlobalSection
	GlobalSection(ProjectConfigurationPlatforms) = postSolution
		{EDD405E5-D0B7-4D9E-9B4D-C6CCFD2801F8}.Debug|Any CPU.ActiveCfg = Debug|Any CPU
		{EDD405E5-D0B7-4D9E-9B4D-C6CCFD2801F8}.Debug|Any CPU.Build.0 = Debug|Any CPU
		{EDD405E5-D0B7-4D9E-9B4D-C6CCFD2801F8}.Release|Any CPU.ActiveCfg = Release|Any CPU
		{EDD405E5-D0B7-4D9E-9B4D-C6CCFD2801F8}.Release|Any CPU.Build.0 = Release|Any CPU
		{EAD2C640-6D03-4EB6-BC5A-2314D0816316}.Debug|Any CPU.ActiveCfg = Debug|Any CPU
		{EAD2C640-6D03-4EB6-BC5A-2314D0816316}.Debug|Any CPU.Build.0 = Debug|Any CPU
		{EAD2C640-6D03-4EB6-BC5A-2314D0816316}.Release|Any CPU.ActiveCfg = Release|Any CPU
		{EAD2C640-6D03-4EB6-BC5A-2314D0816316}.Release|Any CPU.Build.0 = Release|Any CPU
	EndGlobalSection
	GlobalSection(SolutionProperties) = preSolution
		HideSolutionNode = FALSE
	EndGlobalSection
	GlobalSection(ExtensibilityGlobals) = postSolution
		SolutionGuid = {7A028A3F-7136-4321-A9BA-0465C245D973}
	EndGlobalSection
EndGlobal
